{
    "_meta": {
        "hash": {
            "sha256": "295ffbe2a8231d4fdeff67c29806a903351658c45acccde1b009920a80b9326b"
        },
        "pipfile-spec": 6,
        "requires": {
            "python_version": "3.8"
        },
        "sources": [
            {
                "name": "pypi",
                "url": "https://pypi.org/simple",
                "verify_ssl": true
            }
        ]
    },
    "default": {},
    "develop": {
        "doppler-env": {
            "hashes": [
                "sha256:3fe296ff37e0e1973b36371c748855f6ee1e10e12f374c14b7f9377b262f5d78",
                "sha256:83536e429e82ca8e80884da717dd7728080726cc89638783b7ee8e67c8535e91"
            ],
            "index": "pypi",
            "version": "==0.3.0"
        },
        "pip": {
            "hashes": [
                "sha256:3fd1929db052f056d7a998439176d3333fa1b3f6c1ad881de1885c0717608a4b",
                "sha256:b61a374b5bc40a6e982426aede40c9b5a08ff20e640f5b56977f4f91fed1e39a"
            ],
            "markers": "python_version >= '3.7'",
            "version": "==22.2.2"
        },
        "python-dotenv": {
            "hashes": [
                "sha256:1684eb44636dd462b66c3ee016599815514527ad99965de77f43e0944634a7e5",
                "sha256:b77d08274639e3d34145dfa6c7008e66df0f04b7be7a75fd0d5292c191d79045"
            ],
            "markers": "python_version >= '3.7'",
            "version": "==0.21.0"
        }
    }
}
